
Microsoft Visual Studio Solution File, Format Version 12.00
# Visual Studio Version 17
VisualStudioVersion = 17.13.35931.197
MinimumVisualStudioVersion = 10.0.40219.1
Project("{FAE04EC0-301F-11D3-BF4B-00C04F79EFBC}") = "Selva.GH", "Selva.GH\Selva.GH.csproj", "{0A846067-1A4F-4DCA-9BBB-1A5B0D767851}"
EndProject
Project("{FAE04EC0-301F-11D3-BF4B-00C04F79EFBC}") = "Selva.Schema", "Selva.Schema\Selva.Schema.csproj", "{91FE95E0-A9C8-4431-B21A-21A0355ED60E}"
EndProject
Project("{FAE04EC0-301F-11D3-BF4B-00C04F79EFBC}") = "Selva.Tests", "Selva.Tests\Selva.Tests.csproj", "{E9DEB2E5-E662-40F4-A217-6CD8E4879AC7}"
EndProject
Global
	GlobalSection(SolutionConfigurationPlatforms) = preSolution
		Debug|Any CPU = Debug|Any CPU
		Debug|x64 = Debug|x64
		Debug|x86 = Debug|x86
		Release|Any CPU = Release|Any CPU
		Release|x64 = Release|x64
		Release|x86 = Release|x86
	EndGlobalSection
	GlobalSection(ProjectConfigurationPlatforms) = postSolution
		{0A846067-1A4F-4DCA-9BBB-1A5B0D767851}.Debug|Any CPU.ActiveCfg = Debug|Any CPU
		{0A846067-1A4F-4DCA-9BBB-1A5B0D767851}.Debug|Any CPU.Build.0 = Debug|Any CPU
		{0A846067-1A4F-4DCA-9BBB-1A5B0D767851}.Debug|x64.ActiveCfg = Debug|Any CPU
		{0A846067-1A4F-4DCA-9BBB-1A5B0D767851}.Debug|x64.Build.0 = Debug|Any CPU
		{0A846067-1A4F-4DCA-9BBB-1A5B0D767851}.Debug|x86.ActiveCfg = Debug|Any CPU
		{0A846067-1A4F-4DCA-9BBB-1A5B0D767851}.Debug|x86.Build.0 = Debug|Any CPU
		{0A846067-1A4F-4DCA-9BBB-1A5B0D767851}.Release|Any CPU.ActiveCfg = Release|Any CPU
		{0A846067-1A4F-4DCA-9BBB-1A5B0D767851}.Release|Any CPU.Build.0 = Release|Any CPU
		{0A846067-1A4F-4DCA-9BBB-1A5B0D767851}.Release|x64.ActiveCfg = Release|Any CPU
		{0A846067-1A4F-4DCA-9BBB-1A5B0D767851}.Release|x64.Build.0 = Release|Any CPU
		{0A846067-1A4F-4DCA-9BBB-1A5B0D767851}.Release|x86.ActiveCfg = Release|Any CPU
		{0A846067-1A4F-4DCA-9BBB-1A5B0D767851}.Release|x86.Build.0 = Release|Any CPU
		{91FE95E0-A9C8-4431-B21A-21A0355ED60E}.Debug|Any CPU.ActiveCfg = Debug|Any CPU
		{91FE95E0-A9C8-4431-B21A-21A0355ED60E}.Debug|Any CPU.Build.0 = Debug|Any CPU
		{91FE95E0-A9C8-4431-B21A-21A0355ED60E}.Debug|x64.ActiveCfg = Debug|Any CPU
		{91FE95E0-A9C8-4431-B21A-21A0355ED60E}.Debug|x64.Build.0 = Debug|Any CPU
		{91FE95E0-A9C8-4431-B21A-21A0355ED60E}.Debug|x86.ActiveCfg = Debug|Any CPU
		{91FE95E0-A9C8-4431-B21A-21A0355ED60E}.Debug|x86.Build.0 = Debug|Any CPU
		{91FE95E0-A9C8-4431-B21A-21A0355ED60E}.Release|Any CPU.ActiveCfg = Release|Any CPU
		{91FE95E0-A9C8-4431-B21A-21A0355ED60E}.Release|Any CPU.Build.0 = Release|Any CPU
		{91FE95E0-A9C8-4431-B21A-21A0355ED60E}.Release|x64.ActiveCfg = Release|Any CPU
		{91FE95E0-A9C8-4431-B21A-21A0355ED60E}.Release|x64.Build.0 = Release|Any CPU
		{91FE95E0-A9C8-4431-B21A-21A0355ED60E}.Release|x86.ActiveCfg = Release|Any CPU
		{91FE95E0-A9C8-4431-B21A-21A0355ED60E}.Release|x86.Build.0 = Release|Any CPU
		{E9DEB2E5-E662-40F4-A217-6CD8E4879AC7}.Debug|Any CPU.ActiveCfg = Debug|Any CPU
		{E9DEB2E5-E662-40F4-A217-6CD8E4879AC7}.Debug|Any CPU.Build.0 = Debug|Any CPU
		{E9DEB2E5-E662-40F4-A217-6CD8E4879AC7}.Debug|x64.ActiveCfg = Debug|Any CPU
		{E9DEB2E5-E662-40F4-A217-6CD8E4879AC7}.Debug|x64.Build.0 = Debug|Any CPU
		{E9DEB2E5-E662-40F4-A217-6CD8E4879AC7}.Debug|x86.ActiveCfg = Debug|Any CPU
		{E9DEB2E5-E662-40F4-A217-6CD8E4879AC7}.Debug|x86.Build.0 = Debug|Any CPU
		{E9DEB2E5-E662-40F4-A217-6CD8E4879AC7}.Release|Any CPU.ActiveCfg = Release|Any CPU
		{E9DEB2E5-E662-40F4-A217-6CD8E4879AC7}.Release|Any CPU.Build.0 = Release|Any CPU
		{E9DEB2E5-E662-40F4-A217-6CD8E4879AC7}.Release|x64.ActiveCfg = Release|Any CPU
		{E9DEB2E5-E662-40F4-A217-6CD8E4879AC7}.Release|x64.Build.0 = Release|Any CPU
		{E9DEB2E5-E662-40F4-A217-6CD8E4879AC7}.Release|x86.ActiveCfg = Release|Any CPU
		{E9DEB2E5-E662-40F4-A217-6CD8E4879AC7}.Release|x86.Build.0 = Release|Any CPU
	EndGlobalSection
	GlobalSection(SolutionProperties) = preSolution
		HideSolutionNode = FALSE
	EndGlobalSection
	GlobalSection(ExtensibilityGlobals) = postSolution
		SolutionGuid = {7CE9A294-91DB-4F3B-AA38-18EFD68DDC7A}
	EndGlobalSection
EndGlobal
