
Microsoft Visual Studio Solution File, Format Version 12.00
# Visual Studio Version 17
VisualStudioVersion = 17.13.35931.197
MinimumVisualStudioVersion = 10.0.40219.1
Project("{FAE04EC0-301F-11D3-BF4B-00C04F79EFBC}") = "Selva.GH", "Selva.GH\Selva.GH.csproj", "{0A846067-1A4F-4DCA-9BBB-1A5B0D767851}"
EndProject
Project("{FAE04EC0-301F-11D3-BF4B-00C04F79EFBC}") = "Selva.Schema", "Selva.Schema\Selva.Schema.csproj", "{91FE95E0-A9C8-4431-B21A-21A0355ED60E}"
EndProject
Project("{FAE04EC0-301F-11D3-BF4B-00C04F79EFBC}") = "Selva.Tests", "Selva.Tests\Selva.Tests.csproj", "{E9DEB2E5-E662-40F4-A217-6CD8E4879AC7}"
EndProject
Project("{FAE04EC0-301F-11D3-BF4B-00C04F79EFBC}") = "Selva.Drawing", "Selva.Drawing\Selva.Drawing.csproj", "{1FD55CED-3750-4890-9257-EF96946109D2}"
EndProject
Project("{FAE04EC0-301F-11D3-BF4B-00C04F79EFBC}") = "Selva.Drawing.Tests", "Selva.Drawing.Tests\Selva.Drawing.Tests.csproj", "{457F672D-A413-4F12-82EF-4008A4B5D20F}"
EndProject
Project("{FAE04EC0-301F-11D3-BF4B-00C04F79EFBC}") = "Selva.Rhino", "Selva.Rhino\Selva.Rhino.csproj", "{DB91CE1E-1D7E-4A32-BE3A-C8DF189DD602}"
EndProject
Project("{FAE04EC0-301F-11D3-BF4B-00C04F79EFBC}") = "Selva.Slva", "Selva.Slva\Selva.Slva.csproj", "{759CA55F-D56D-453B-90C4-1F8C493365B7}"
EndProject
Project("{FAE04EC0-301F-11D3-BF4B-00C04F79EFBC}") = "Selva.Slva.Tests", "Selva.Slva.Tests\Selva.Slva.Tests.csproj", "{EFAC0CC5-ECD4-482B-9C00-B58F72294427}"
EndProject
Global
	GlobalSection(SolutionConfigurationPlatforms) = preSolution
		Debug|Any CPU = Debug|Any CPU
		Debug|x64 = Debug|x64
		Debug|x86 = Debug|x86
		Release|Any CPU = Release|Any CPU
		Release|x64 = Release|x64
		Release|x86 = Release|x86
	EndGlobalSection
	GlobalSection(ProjectConfigurationPlatforms) = postSolution
		{0A846067-1A4F-4DCA-9BBB-1A5B0D767851}.Debug|Any CPU.ActiveCfg = Debug|Any CPU
		{0A846067-1A4F-4DCA-9BBB-1A5B0D767851}.Debug|Any CPU.Build.0 = Debug|Any CPU
		{0A846067-1A4F-4DCA-9BBB-1A5B0D767851}.Debug|x64.ActiveCfg = Debug|Any CPU
		{0A846067-1A4F-4DCA-9BBB-1A5B0D767851}.Debug|x64.Build.0 = Debug|Any CPU
		{0A846067-1A4F-4DCA-9BBB-1A5B0D767851}.Debug|x86.ActiveCfg = Debug|Any CPU
		{0A846067-1A4F-4DCA-9BBB-1A5B0D767851}.Debug|x86.Build.0 = Debug|Any CPU
		{0A846067-1A4F-4DCA-9BBB-1A5B0D767851}.Release|Any CPU.ActiveCfg = Release|Any CPU
		{0A846067-1A4F-4DCA-9BBB-1A5B0D767851}.Release|Any CPU.Build.0 = Release|Any CPU
		{0A846067-1A4F-4DCA-9BBB-1A5B0D767851}.Release|x64.ActiveCfg = Release|Any CPU
		{0A846067-1A4F-4DCA-9BBB-1A5B0D767851}.Release|x64.Build.0 = Release|Any CPU
		{0A846067-1A4F-4DCA-9BBB-1A5B0D767851}.Release|x86.ActiveCfg = Release|Any CPU
		{0A846067-1A4F-4DCA-9BBB-1A5B0D767851}.Release|x86.Build.0 = Release|Any CPU
		{91FE95E0-A9C8-4431-B21A-21A0355ED60E}.Debug|Any CPU.ActiveCfg = Debug|Any CPU
		{91FE95E0-A9C8-4431-B21A-21A0355ED60E}.Debug|Any CPU.Build.0 = Debug|Any CPU
		{91FE95E0-A9C8-4431-B21A-21A0355ED60E}.Debug|x64.ActiveCfg = Debug|Any CPU
		{91FE95E0-A9C8-4431-B21A-21A0355ED60E}.Debug|x64.Build.0 = Debug|Any CPU
		{91FE95E0-A9C8-4431-B21A-21A0355ED60E}.Debug|x86.ActiveCfg = Debug|Any CPU
		{91FE95E0-A9C8-4431-B21A-21A0355ED60E}.Debug|x86.Build.0 = Debug|Any CPU
		{91FE95E0-A9C8-4431-B21A-21A0355ED60E}.Release|Any CPU.ActiveCfg = Release|Any CPU
		{91FE95E0-A9C8-4431-B21A-21A0355ED60E}.Release|Any CPU.Build.0 = Release|Any CPU
		{91FE95E0-A9C8-4431-B21A-21A0355ED60E}.Release|x64.ActiveCfg = Release|Any CPU
		{91FE95E0-A9C8-4431-B21A-21A0355ED60E}.Release|x64.Build.0 = Release|Any CPU
		{91FE95E0-A9C8-4431-B21A-21A0355ED60E}.Release|x86.ActiveCfg = Release|Any CPU
		{91FE95E0-A9C8-4431-B21A-21A0355ED60E}.Release|x86.Build.0 = Release|Any CPU
		{E9DEB2E5-E662-40F4-A217-6CD8E4879AC7}.Debug|Any CPU.ActiveCfg = Debug|Any CPU
		{E9DEB2E5-E662-40F4-A217-6CD8E4879AC7}.Debug|Any CPU.Build.0 = Debug|Any CPU
		{E9DEB2E5-E662-40F4-A217-6CD8E4879AC7}.Debug|x64.ActiveCfg = Debug|Any CPU
		{E9DEB2E5-E662-40F4-A217-6CD8E4879AC7}.Debug|x64.Build.0 = Debug|Any CPU
		{E9DEB2E5-E662-40F4-A217-6CD8E4879AC7}.Debug|x86.ActiveCfg = Debug|Any CPU
		{E9DEB2E5-E662-40F4-A217-6CD8E4879AC7}.Debug|x86.Build.0 = Debug|Any CPU
		{E9DEB2E5-E662-40F4-A217-6CD8E4879AC7}.Release|Any CPU.ActiveCfg = Release|Any CPU
		{E9DEB2E5-E662-40F4-A217-6CD8E4879AC7}.Release|Any CPU.Build.0 = Release|Any CPU
		{E9DEB2E5-E662-40F4-A217-6CD8E4879AC7}.Release|x64.ActiveCfg = Release|Any CPU
		{E9DEB2E5-E662-40F4-A217-6CD8E4879AC7}.Release|x64.Build.0 = Release|Any CPU
		{E9DEB2E5-E662-40F4-A217-6CD8E4879AC7}.Release|x86.ActiveCfg = Release|Any CPU
		{E9DEB2E5-E662-40F4-A217-6CD8E4879AC7}.Release|x86.Build.0 = Release|Any CPU
		{1FD55CED-3750-4890-9257-EF96946109D2}.Debug|Any CPU.ActiveCfg = Debug|Any CPU
		{1FD55CED-3750-4890-9257-EF96946109D2}.Debug|Any CPU.Build.0 = Debug|Any CPU
		{1FD55CED-3750-4890-9257-EF96946109D2}.Debug|x64.ActiveCfg = Debug|Any CPU
		{1FD55CED-3750-4890-9257-EF96946109D2}.Debug|x64.Build.0 = Debug|Any CPU
		{1FD55CED-3750-4890-9257-EF96946109D2}.Debug|x86.ActiveCfg = Debug|Any CPU
		{1FD55CED-3750-4890-9257-EF96946109D2}.Debug|x86.Build.0 = Debug|Any CPU
		{1FD55CED-3750-4890-9257-EF96946109D2}.Release|Any CPU.ActiveCfg = Release|Any CPU
		{1FD55CED-3750-4890-9257-EF96946109D2}.Release|Any CPU.Build.0 = Release|Any CPU
		{1FD55CED-3750-4890-9257-EF96946109D2}.Release|x64.ActiveCfg = Release|Any CPU
		{1FD55CED-3750-4890-9257-EF96946109D2}.Release|x64.Build.0 = Release|Any CPU
		{1FD55CED-3750-4890-9257-EF96946109D2}.Release|x86.ActiveCfg = Release|Any CPU
		{1FD55CED-3750-4890-9257-EF96946109D2}.Release|x86.Build.0 = Release|Any CPU
		{457F672D-A413-4F12-82EF-4008A4B5D20F}.Debug|Any CPU.ActiveCfg = Debug|Any CPU
		{457F672D-A413-4F12-82EF-4008A4B5D20F}.Debug|Any CPU.Build.0 = Debug|Any CPU
		{457F672D-A413-4F12-82EF-4008A4B5D20F}.Debug|x64.ActiveCfg = Debug|Any CPU
		{457F672D-A413-4F12-82EF-4008A4B5D20F}.Debug|x64.Build.0 = Debug|Any CPU
		{457F672D-A413-4F12-82EF-4008A4B5D20F}.Debug|x86.ActiveCfg = Debug|Any CPU
		{457F672D-A413-4F12-82EF-4008A4B5D20F}.Debug|x86.Build.0 = Debug|Any CPU
		{457F672D-A413-4F12-82EF-4008A4B5D20F}.Release|Any CPU.ActiveCfg = Release|Any CPU
		{457F672D-A413-4F12-82EF-4008A4B5D20F}.Release|Any CPU.Build.0 = Release|Any CPU
		{457F672D-A413-4F12-82EF-4008A4B5D20F}.Release|x64.ActiveCfg = Release|Any CPU
		{457F672D-A413-4F12-82EF-4008A4B5D20F}.Release|x64.Build.0 = Release|Any CPU
		{457F672D-A413-4F12-82EF-4008A4B5D20F}.Release|x86.ActiveCfg = Release|Any CPU
		{457F672D-A413-4F12-82EF-4008A4B5D20F}.Release|x86.Build.0 = Release|Any CPU
		{DB91CE1E-1D7E-4A32-BE3A-C8DF189DD602}.Debug|Any CPU.ActiveCfg = Debug|Any CPU
		{DB91CE1E-1D7E-4A32-BE3A-C8DF189DD602}.Debug|Any CPU.Build.0 = Debug|Any CPU
		{DB91CE1E-1D7E-4A32-BE3A-C8DF189DD602}.Debug|x64.ActiveCfg = Debug|Any CPU
		{DB91CE1E-1D7E-4A32-BE3A-C8DF189DD602}.Debug|x64.Build.0 = Debug|Any CPU
		{DB91CE1E-1D7E-4A32-BE3A-C8DF189DD602}.Debug|x86.ActiveCfg = Debug|Any CPU
		{DB91CE1E-1D7E-4A32-BE3A-C8DF189DD602}.Debug|x86.Build.0 = Debug|Any CPU
		{DB91CE1E-1D7E-4A32-BE3A-C8DF189DD602}.Release|Any CPU.ActiveCfg = Release|Any CPU
		{DB91CE1E-1D7E-4A32-BE3A-C8DF189DD602}.Release|Any CPU.Build.0 = Release|Any CPU
		{DB91CE1E-1D7E-4A32-BE3A-C8DF189DD602}.Release|x64.ActiveCfg = Release|Any CPU
		{DB91CE1E-1D7E-4A32-BE3A-C8DF189DD602}.Release|x64.Build.0 = Release|Any CPU
		{DB91CE1E-1D7E-4A32-BE3A-C8DF189DD602}.Release|x86.ActiveCfg = Release|Any CPU
		{DB91CE1E-1D7E-4A32-BE3A-C8DF189DD602}.Release|x86.Build.0 = Release|Any CPU
		{759CA55F-D56D-453B-90C4-1F8C493365B7}.Debug|Any CPU.ActiveCfg = Debug|Any CPU
		{759CA55F-D56D-453B-90C4-1F8C493365B7}.Debug|Any CPU.Build.0 = Debug|Any CPU
		{759CA55F-D56D-453B-90C4-1F8C493365B7}.Debug|x64.ActiveCfg = Debug|Any CPU
		{759CA55F-D56D-453B-90C4-1F8C493365B7}.Debug|x64.Build.0 = Debug|Any CPU
		{759CA55F-D56D-453B-90C4-1F8C493365B7}.Debug|x86.ActiveCfg = Debug|Any CPU
		{759CA55F-D56D-453B-90C4-1F8C493365B7}.Debug|x86.Build.0 = Debug|Any CPU
		{759CA55F-D56D-453B-90C4-1F8C493365B7}.Release|Any CPU.ActiveCfg = Release|Any CPU
		{759CA55F-D56D-453B-90C4-1F8C493365B7}.Release|Any CPU.Build.0 = Release|Any CPU
		{759CA55F-D56D-453B-90C4-1F8C493365B7}.Release|x64.ActiveCfg = Release|Any CPU
		{759CA55F-D56D-453B-90C4-1F8C493365B7}.Release|x64.Build.0 = Release|Any CPU
		{759CA55F-D56D-453B-90C4-1F8C493365B7}.Release|x86.ActiveCfg = Release|Any CPU
		{759CA55F-D56D-453B-90C4-1F8C493365B7}.Release|x86.Build.0 = Release|Any CPU
		{EFAC0CC5-ECD4-482B-9C00-B58F72294427}.Debug|Any CPU.ActiveCfg = Debug|Any CPU
		{EFAC0CC5-ECD4-482B-9C00-B58F72294427}.Debug|Any CPU.Build.0 = Debug|Any CPU
		{EFAC0CC5-ECD4-482B-9C00-B58F72294427}.Debug|x64.ActiveCfg = Debug|Any CPU
		{EFAC0CC5-ECD4-482B-9C00-B58F72294427}.Debug|x64.Build.0 = Debug|Any CPU
		{EFAC0CC5-ECD4-482B-9C00-B58F72294427}.Debug|x86.ActiveCfg = Debug|Any CPU
		{EFAC0CC5-ECD4-482B-9C00-B58F72294427}.Debug|x86.Build.0 = Debug|Any CPU
		{EFAC0CC5-ECD4-482B-9C00-B58F72294427}.Release|Any CPU.ActiveCfg = Release|Any CPU
		{EFAC0CC5-ECD4-482B-9C00-B58F72294427}.Release|Any CPU.Build.0 = Release|Any CPU
		{EFAC0CC5-ECD4-482B-9C00-B58F72294427}.Release|x64.ActiveCfg = Release|Any CPU
		{EFAC0CC5-ECD4-482B-9C00-B58F72294427}.Release|x64.Build.0 = Release|Any CPU
		{EFAC0CC5-ECD4-482B-9C00-B58F72294427}.Release|x86.ActiveCfg = Release|Any CPU
		{EFAC0CC5-ECD4-482B-9C00-B58F72294427}.Release|x86.Build.0 = Release|Any CPU
	EndGlobalSection
	GlobalSection(SolutionProperties) = preSolution
		HideSolutionNode = FALSE
	EndGlobalSection
	GlobalSection(ExtensibilityGlobals) = postSolution
		SolutionGuid = {7CE9A294-91DB-4F3B-AA38-18EFD68DDC7A}
	EndGlobalSection
EndGlobal
